
Microsoft Visual Studio Solution File, Format Version 9.00
# Visual Studio 2005
Project("{FAE04EC0-301F-11D3-BF4B-00C04F79EFBC}") = "ClientCommunication", "ClientCommunication.csproj", "{5760E719-6D4A-4BB2-BA7A-57476340C80B}"
EndProject
Global
	GlobalSection(SolutionConfigurationPlatforms) = preSolution
		Debug|Any CPU = Debug|Any CPU
		Release|Any CPU = Release|Any CPU
	EndGlobalSection
	GlobalSection(ProjectConfigurationPlatforms) = postSolution
		{5760E719-6D4A-4BB2-BA7A-57476340C80B}.Debug|Any CPU.ActiveCfg = Debug|Any CPU
		{5760E719-6D4A-4BB2-BA7A-57476340C80B}.Debug|Any CPU.Build.0 = Debug|Any CPU
		{5760E719-6D4A-4BB2-BA7A-57476340C80B}.Release|Any CPU.ActiveCfg = Release|Any CPU
		{5760E719-6D4A-4BB2-BA7A-57476340C80B}.Release|Any CPU.Build.0 = Release|Any CPU
	EndGlobalSection
	GlobalSection(SolutionProperties) = preSolution
		HideSolutionNode = FALSE
	EndGlobalSection
EndGlobal
