
Microsoft Visual Studio Solution File, Format Version 9.00
# Visual Studio 2005
Project("{FAE04EC0-301F-11D3-BF4B-00C04F79EFBC}") = "CommunicationTest", "CommunicationTest.csproj", "{33209DB5-0B60-4AC3-A405-04BBF7866832}"
EndProject
Global
	GlobalSection(SolutionConfigurationPlatforms) = preSolution
		Debug|Any CPU = Debug|Any CPU
		Release|Any CPU = Release|Any CPU
	EndGlobalSection
	GlobalSection(ProjectConfigurationPlatforms) = postSolution
		{33209DB5-0B60-4AC3-A405-04BBF7866832}.Debug|Any CPU.ActiveCfg = Debug|Any CPU
		{33209DB5-0B60-4AC3-A405-04BBF7866832}.Debug|Any CPU.Build.0 = Debug|Any CPU
		{33209DB5-0B60-4AC3-A405-04BBF7866832}.Release|Any CPU.ActiveCfg = Release|Any CPU
		{33209DB5-0B60-4AC3-A405-04BBF7866832}.Release|Any CPU.Build.0 = Release|Any CPU
	EndGlobalSection
	GlobalSection(SolutionProperties) = preSolution
		HideSolutionNode = FALSE
	EndGlobalSection
EndGlobal
